// !$*UTF8*$!
{
	archiveVersion = 1;
	classes = {
	};
	objectVersion = 46;
	objects = {

/* Begin PBXBuildFile section */
		3EA276FA52A64CD71E28D47A /* Pods_SnapChat_clone.framework in Frameworks */ = {isa = PBXBuildFile; fileRef = A4DDAB379840DB488236B0C9 /* Pods_SnapChat_clone.framework */; };
		DE21E0531E9ADAA00096FB56 /* AppDelegate.swift in Sources */ = {isa = PBXBuildFile; fileRef = DE21E0521E9ADAA00096FB56 /* AppDelegate.swift */; };
		DE21E0551E9ADAA00096FB56 /* SignInViewController.swift in Sources */ = {isa = PBXBuildFile; fileRef = DE21E0541E9ADAA00096FB56 /* SignInViewController.swift */; };
		DE21E0581E9ADAA00096FB56 /* Main.storyboard in Resources */ = {isa = PBXBuildFile; fileRef = DE21E0561E9ADAA00096FB56 /* Main.storyboard */; };
		DE21E05A1E9ADAA00096FB56 /* Assets.xcassets in Resources */ = {isa = PBXBuildFile; fileRef = DE21E0591E9ADAA00096FB56 /* Assets.xcassets */; };
		DE21E05D1E9ADAA00096FB56 /* LaunchScreen.storyboard in Resources */ = {isa = PBXBuildFile; fileRef = DE21E05B1E9ADAA00096FB56 /* LaunchScreen.storyboard */; };
		DE21E0651E9ADCD30096FB56 /* GoogleService-Info.plist in Resources */ = {isa = PBXBuildFile; fileRef = DE21E0641E9ADCD30096FB56 /* GoogleService-Info.plist */; };
		DEE141E51E9D3EDD003747DD /* SnapsViewController.swift in Sources */ = {isa = PBXBuildFile; fileRef = DEE141E41E9D3EDD003747DD /* SnapsViewController.swift */; };
		DEE141E71E9D429C003747DD /* PictureViewController.swift in Sources */ = {isa = PBXBuildFile; fileRef = DEE141E61E9D429C003747DD /* PictureViewController.swift */; };
		DEE141EA1E9D835E003747DD /* SelectUserViewController.swift in Sources */ = {isa = PBXBuildFile; fileRef = DEE141E91E9D835E003747DD /* SelectUserViewController.swift */; };
/* End PBXBuildFile section */

/* Begin PBXFileReference section */
		A4DDAB379840DB488236B0C9 /* Pods_SnapChat_clone.framework */ = {isa = PBXFileReference; explicitFileType = wrapper.framework; includeInIndex = 0; path = Pods_SnapChat_clone.framework; sourceTree = BUILT_PRODUCTS_DIR; };
		A9F848D0B8CA475B367E9518 /* Pods-SnapChat-clone.debug.xcconfig */ = {isa = PBXFileReference; includeInIndex = 1; lastKnownFileType = text.xcconfig; name = "Pods-SnapChat-clone.debug.xcconfig"; path = "Pods/Target Support Files/Pods-SnapChat-clone/Pods-SnapChat-clone.debug.xcconfig"; sourceTree = "<group>"; };
		C89760E8D5141C2757647786 /* Pods-SnapChat-clone.release.xcconfig */ = {isa = PBXFileReference; includeInIndex = 1; lastKnownFileType = text.xcconfig; name = "Pods-SnapChat-clone.release.xcconfig"; path = "Pods/Target Support Files/Pods-SnapChat-clone/Pods-SnapChat-clone.release.xcconfig"; sourceTree = "<group>"; };
		DE21E04F1E9ADAA00096FB56 /* SnapChat-clone.app */ = {isa = PBXFileReference; explicitFileType = wrapper.application; includeInIndex = 0; path = "SnapChat-clone.app"; sourceTree = BUILT_PRODUCTS_DIR; };
		DE21E0521E9ADAA00096FB56 /* AppDelegate.swift */ = {isa = PBXFileReference; lastKnownFileType = sourcecode.swift; path = AppDelegate.swift; sourceTree = "<group>"; };
		DE21E0541E9ADAA00096FB56 /* SignInViewController.swift */ = {isa = PBXFileReference; lastKnownFileType = sourcecode.swift; path = SignInViewController.swift; sourceTree = "<group>"; };
		DE21E0571E9ADAA00096FB56 /* Base */ = {isa = PBXFileReference; lastKnownFileType = file.storyboard; name = Base; path = Base.lproj/Main.storyboard; sourceTree = "<group>"; };
		DE21E0591E9ADAA00096FB56 /* Assets.xcassets */ = {isa = PBXFileReference; lastKnownFileType = folder.assetcatalog; path = Assets.xcassets; sourceTree = "<group>"; };
		DE21E05C1E9ADAA00096FB56 /* Base */ = {isa = PBXFileReference; lastKnownFileType = file.storyboard; name = Base; path = Base.lproj/LaunchScreen.storyboard; sourceTree = "<group>"; };
		DE21E05E1E9ADAA00096FB56 /* Info.plist */ = {isa = PBXFileReference; lastKnownFileType = text.plist.xml; path = Info.plist; sourceTree = "<group>"; };
		DE21E0641E9ADCD30096FB56 /* GoogleService-Info.plist */ = {isa = PBXFileReference; fileEncoding = 4; lastKnownFileType = text.plist.xml; path = "GoogleService-Info.plist"; sourceTree = "<group>"; };
		DEE141E31E9D3DFD003747DD /* SnapChat-clone.entitlements */ = {isa = PBXFileReference; lastKnownFileType = text.plist.entitlements; path = "SnapChat-clone.entitlements"; sourceTree = "<group>"; };
		DEE141E41E9D3EDD003747DD /* SnapsViewController.swift */ = {isa = PBXFileReference; fileEncoding = 4; lastKnownFileType = sourcecode.swift; path = SnapsViewController.swift; sourceTree = "<group>"; };
		DEE141E61E9D429C003747DD /* PictureViewController.swift */ = {isa = PBXFileReference; fileEncoding = 4; lastKnownFileType = sourcecode.swift; path = PictureViewController.swift; sourceTree = "<group>"; };
		DEE141E91E9D835E003747DD /* SelectUserViewController.swift */ = {isa = PBXFileReference; fileEncoding = 4; lastKnownFileType = sourcecode.swift; path = SelectUserViewController.swift; sourceTree = "<group>"; };
/* End PBXFileReference section */

/* Begin PBXFrameworksBuildPhase section */
		DE21E04C1E9ADAA00096FB56 /* Frameworks */ = {
			isa = PBXFrameworksBuildPhase;
			buildActionMask = 2147483647;
			files = (
				3EA276FA52A64CD71E28D47A /* Pods_SnapChat_clone.framework in Frameworks */,
			);
			runOnlyForDeploymentPostprocessing = 0;
		};
/* End PBXFrameworksBuildPhase section */

/* Begin PBXGroup section */
		333D01470927D99633D3822E /* Frameworks */ = {
			isa = PBXGroup;
			children = (
				A4DDAB379840DB488236B0C9 /* Pods_SnapChat_clone.framework */,
			);
			name = Frameworks;
			sourceTree = "<group>";
		};
		DE21E0461E9ADAA00096FB56 = {
			isa = PBXGroup;
			children = (
				DE21E0511E9ADAA00096FB56 /* SnapChat-clone */,
				DE21E0501E9ADAA00096FB56 /* Products */,
				E6A9DA1D17CCD2B87DD2BD38 /* Pods */,
				333D01470927D99633D3822E /* Frameworks */,
			);
			sourceTree = "<group>";
		};
		DE21E0501E9ADAA00096FB56 /* Products */ = {
			isa = PBXGroup;
			children = (
				DE21E04F1E9ADAA00096FB56 /* SnapChat-clone.app */,
			);
			name = Products;
			sourceTree = "<group>";
		};
		DE21E0511E9ADAA00096FB56 /* SnapChat-clone */ = {
			isa = PBXGroup;
			children = (
				DEE141E81E9D832E003747DD /* View */,
				DEE141E31E9D3DFD003747DD /* SnapChat-clone.entitlements */,
				DE21E0521E9ADAA00096FB56 /* AppDelegate.swift */,
				DE21E0561E9ADAA00096FB56 /* Main.storyboard */,
				DE21E0591E9ADAA00096FB56 /* Assets.xcassets */,
				DE21E05B1E9ADAA00096FB56 /* LaunchScreen.storyboard */,
				DE21E05E1E9ADAA00096FB56 /* Info.plist */,
				DE21E0641E9ADCD30096FB56 /* GoogleService-Info.plist */,
			);
			path = "SnapChat-clone";
			sourceTree = "<group>";
		};
		DEE141E81E9D832E003747DD /* View */ = {
			isa = PBXGroup;
			children = (
				DEE141E61E9D429C003747DD /* PictureViewController.swift */,
				DEE141E41E9D3EDD003747DD /* SnapsViewController.swift */,
				DE21E0541E9ADAA00096FB56 /* SignInViewController.swift */,
				DEE141E91E9D835E003747DD /* SelectUserViewController.swift */,
			);
			name = View;
			sourceTree = "<group>";
		};
		E6A9DA1D17CCD2B87DD2BD38 /* Pods */ = {
			isa = PBXGroup;
			children = (
				A9F848D0B8CA475B367E9518 /* Pods-SnapChat-clone.debug.xcconfig */,
				C89760E8D5141C2757647786 /* Pods-SnapChat-clone.release.xcconfig */,
			);
			name = Pods;
			sourceTree = "<group>";
		};
/* End PBXGroup section */

/* Begin PBXNativeTarget section */
		DE21E04E1E9ADAA00096FB56 /* SnapChat-clone */ = {
			isa = PBXNativeTarget;
			buildConfigurationList = DE21E0611E9ADAA00096FB56 /* Build configuration list for PBXNativeTarget "SnapChat-clone" */;
			buildPhases = (
				A7DBE4EDC930487E78F24478 /* [CP] Check Pods Manifest.lock */,
				DE21E04B1E9ADAA00096FB56 /* Sources */,
				DE21E04C1E9ADAA00096FB56 /* Frameworks */,
				DE21E04D1E9ADAA00096FB56 /* Resources */,
				D6F32526C957F96B821D7CE7 /* [CP] Embed Pods Frameworks */,
				AEC6FFFFEE248C4DB2404116 /* [CP] Copy Pods Resources */,
			);
			buildRules = (
			);
			dependencies = (
			);
			name = "SnapChat-clone";
			productName = "SnapChat-clone";
			productReference = DE21E04F1E9ADAA00096FB56 /* SnapChat-clone.app */;
			productType = "com.apple.product-type.application";
		};
/* End PBXNativeTarget section */

/* Begin PBXProject section */
		DE21E0471E9ADAA00096FB56 /* Project object */ = {
			isa = PBXProject;
			attributes = {
				LastSwiftUpdateCheck = 0830;
				LastUpgradeCheck = 0830;
				ORGANIZATIONNAME = B0nty;
				TargetAttributes = {
					DE21E04E1E9ADAA00096FB56 = {
						CreatedOnToolsVersion = 8.3;
						DevelopmentTeam = BB9NBC38G8;
						ProvisioningStyle = Automatic;
						SystemCapabilities = {
							com.apple.Keychain = {
								enabled = 1;
							};
						};
					};
				};
			};
			buildConfigurationList = DE21E04A1E9ADAA00096FB56 /* Build configuration list for PBXProject "SnapChat-clone" */;
			compatibilityVersion = "Xcode 3.2";
			developmentRegion = English;
			hasScannedForEncodings = 0;
			knownRegions = (
				en,
				Base,
			);
			mainGroup = DE21E0461E9ADAA00096FB56;
			productRefGroup = DE21E0501E9ADAA00096FB56 /* Products */;
			projectDirPath = "";
			projectRoot = "";
			targets = (
				DE21E04E1E9ADAA00096FB56 /* SnapChat-clone */,
			);
		};
/* End PBXProject section */

/* Begin PBXResourcesBuildPhase section */
		DE21E04D1E9ADAA00096FB56 /* Resources */ = {
			isa = PBXResourcesBuildPhase;
			buildActionMask = 2147483647;
			files = (
				DE21E05D1E9ADAA00096FB56 /* LaunchScreen.storyboard in Resources */,
				DE21E0651E9ADCD30096FB56 /* GoogleService-Info.plist in Resources */,
				DE21E05A1E9ADAA00096FB56 /* Assets.xcassets in Resources */,
				DE21E0581E9ADAA00096FB56 /* Main.storyboard in Resources */,
			);
			runOnlyForDeploymentPostprocessing = 0;
		};
/* End PBXResourcesBuildPhase section */

/* Begin PBXShellScriptBuildPhase section */
		A7DBE4EDC930487E78F24478 /* [CP] Check Pods Manifest.lock */ = {
			isa = PBXShellScriptBuildPhase;
			buildActionMask = 2147483647;
			files = (
			);
			inputPaths = (
			);
			name = "[CP] Check Pods Manifest.lock";
			outputPaths = (
			);
			runOnlyForDeploymentPostprocessing = 0;
			shellPath = /bin/sh;
			shellScript = "diff \"${PODS_ROOT}/../Podfile.lock\" \"${PODS_ROOT}/Manifest.lock\" > /dev/null\nif [ $? != 0 ] ; then\n    # print error to STDERR\n    echo \"error: The sandbox is not in sync with the Podfile.lock. Run 'pod install' or update your CocoaPods installation.\" >&2\n    exit 1\nfi\n";
			showEnvVarsInLog = 0;
		};
		AEC6FFFFEE248C4DB2404116 /* [CP] Copy Pods Resources */ = {
			isa = PBXShellScriptBuildPhase;
			buildActionMask = 2147483647;
			files = (
			);
			inputPaths = (
			);
			name = "[CP] Copy Pods Resources";
			outputPaths = (
			);
			runOnlyForDeploymentPostprocessing = 0;
			shellPath = /bin/sh;
			shellScript = "\"${SRCROOT}/Pods/Target Support Files/Pods-SnapChat-clone/Pods-SnapChat-clone-resources.sh\"\n";
			showEnvVarsInLog = 0;
		};
		D6F32526C957F96B821D7CE7 /* [CP] Embed Pods Frameworks */ = {
			isa = PBXShellScriptBuildPhase;
			buildActionMask = 2147483647;
			files = (
			);
			inputPaths = (
			);
			name = "[CP] Embed Pods Frameworks";
			outputPaths = (
			);
			runOnlyForDeploymentPostprocessing = 0;
			shellPath = /bin/sh;
			shellScript = "\"${SRCROOT}/Pods/Target Support Files/Pods-SnapChat-clone/Pods-SnapChat-clone-frameworks.sh\"\n";
			showEnvVarsInLog = 0;
		};
/* End PBXShellScriptBuildPhase section */

/* Begin PBXSourcesBuildPhase section */
		DE21E04B1E9ADAA00096FB56 /* Sources */ = {
			isa = PBXSourcesBuildPhase;
			buildActionMask = 2147483647;
			files = (
				DE21E0551E9ADAA00096FB56 /* SignInViewController.swift in Sources */,
				DEE141E71E9D429C003747DD /* PictureViewController.swift in Sources */,
				DEE141EA1E9D835E003747DD /* SelectUserViewController.swift in Sources */,
				DE21E0531E9ADAA00096FB56 /* AppDelegate.swift in Sources */,
				DEE141E51E9D3EDD003747DD /* SnapsViewController.swift in Sources */,
			);
			runOnlyForDeploymentPostprocessing = 0;
		};
/* End PBXSourcesBuildPhase section */

/* Begin PBXVariantGroup section */
		DE21E0561E9ADAA00096FB56 /* Main.storyboard */ = {
			isa = PBXVariantGroup;
			children = (
				DE21E0571E9ADAA00096FB56 /* Base */,
			);
			name = Main.storyboard;
			sourceTree = "<group>";
		};
		DE21E05B1E9ADAA00096FB56 /* LaunchScreen.storyboard */ = {
			isa = PBXVariantGroup;
			children = (
				DE21E05C1E9ADAA00096FB56 /* Base */,
			);
			name = LaunchScreen.storyboard;
			sourceTree = "<group>";
		};
/* End PBXVariantGroup section */

/* Begin XCBuildConfiguration section */
		DE21E05F1E9ADAA00096FB56 /* Debug */ = {
			isa = XCBuildConfiguration;
			buildSettings = {
				ALWAYS_SEARCH_USER_PATHS = NO;
				CLANG_ANALYZER_NONNULL = YES;
				CLANG_ANALYZER_NUMBER_OBJECT_CONVERSION = YES_AGGRESSIVE;
				CLANG_CXX_LANGUAGE_STANDARD = "gnu++0x";
				CLANG_CXX_LIBRARY = "libc++";
				CLANG_ENABLE_MODULES = YES;
				CLANG_ENABLE_OBJC_ARC = YES;
				CLANG_WARN_BOOL_CONVERSION = YES;
				CLANG_WARN_CONSTANT_CONVERSION = YES;
				CLANG_WARN_DIRECT_OBJC_ISA_USAGE = YES_ERROR;
				CLANG_WARN_DOCUMENTATION_COMMENTS = YES;
				CLANG_WARN_EMPTY_BODY = YES;
				CLANG_WARN_ENUM_CONVERSION = YES;
				CLANG_WARN_INFINITE_RECURSION = YES;
				CLANG_WARN_INT_CONVERSION = YES;
				CLANG_WARN_OBJC_ROOT_CLASS = YES_ERROR;
				CLANG_WARN_SUSPICIOUS_MOVE = YES;
				CLANG_WARN_UNREACHABLE_CODE = YES;
				CLANG_WARN__DUPLICATE_METHOD_MATCH = YES;
				"CODE_SIGN_IDENTITY[sdk=iphoneos*]" = "iPhone Developer";
				COPY_PHASE_STRIP = NO;
				DEBUG_INFORMATION_FORMAT = dwarf;
				ENABLE_STRICT_OBJC_MSGSEND = YES;
				ENABLE_TESTABILITY = YES;
				GCC_C_LANGUAGE_STANDARD = gnu99;
				GCC_DYNAMIC_NO_PIC = NO;
				GCC_NO_COMMON_BLOCKS = YES;
				GCC_OPTIMIZATION_LEVEL = 0;
				GCC_PREPROCESSOR_DEFINITIONS = (
					"DEBUG=1",
					"$(inherited)",
				);
				GCC_WARN_64_TO_32_BIT_CONVERSION = YES;
				GCC_WARN_ABOUT_RETURN_TYPE = YES_ERROR;
				GCC_WARN_UNDECLARED_SELECTOR = YES;
				GCC_WARN_UNINITIALIZED_AUTOS = YES_AGGRESSIVE;
				GCC_WARN_UNUSED_FUNCTION = YES;
				GCC_WARN_UNUSED_VARIABLE = YES;
				IPHONEOS_DEPLOYMENT_TARGET = 10.3;
				MTL_ENABLE_DEBUG_INFO = YES;
				ONLY_ACTIVE_ARCH = YES;
				SDKROOT = iphoneos;
				SWIFT_ACTIVE_COMPILATION_CONDITIONS = DEBUG;
				SWIFT_OPTIMIZATION_LEVEL = "-Onone";
				TARGETED_DEVICE_FAMILY = "1,2";
			};
			name = Debug;
		};
		DE21E0601E9ADAA00096FB56 /* Release */ = {
			isa = XCBuildConfiguration;
			buildSettings = {
				ALWAYS_SEARCH_USER_PATHS = NO;
				CLANG_ANALYZER_NONNULL = YES;
				CLANG_ANALYZER_NUMBER_OBJECT_CONVERSION = YES_AGGRESSIVE;
				CLANG_CXX_LANGUAGE_STANDARD = "gnu++0x";
				CLANG_CXX_LIBRARY = "libc++";
				CLANG_ENABLE_MODULES = YES;
				CLANG_ENABLE_OBJC_ARC = YES;
				CLANG_WARN_BOOL_CONVERSION = YES;
				CLANG_WARN_CONSTANT_CONVERSION = YES;
				CLANG_WARN_DIRECT_OBJC_ISA_USAGE = YES_ERROR;
				CLANG_WARN_DOCUMENTATION_COMMENTS = YES;
				CLANG_WARN_EMPTY_BODY = YES;
				CLANG_WARN_ENUM_CONVERSION = YES;
				CLANG_WARN_INFINITE_RECURSION = YES;
				CLANG_WARN_INT_CONVERSION = YES;
				CLANG_WARN_OBJC_ROOT_CLASS = YES_ERROR;
				CLANG_WARN_SUSPICIOUS_MOVE = YES;
				CLANG_WARN_UNREACHABLE_CODE = YES;
				CLANG_WARN__DUPLICATE_METHOD_MATCH = YES;
				"CODE_SIGN_IDENTITY[sdk=iphoneos*]" = "iPhone Developer";
				COPY_PHASE_STRIP = NO;
				DEBUG_INFORMATION_FORMAT = "dwarf-with-dsym";
				ENABLE_NS_ASSERTIONS = NO;
				ENABLE_STRICT_OBJC_MSGSEND = YES;
				GCC_C_LANGUAGE_STANDARD = gnu99;
				GCC_NO_COMMON_BLOCKS = YES;
				GCC_WARN_64_TO_32_BIT_CONVERSION = YES;
				GCC_WARN_ABOUT_RETURN_TYPE = YES_ERROR;
				GCC_WARN_UNDECLARED_SELECTOR = YES;
				GCC_WARN_UNINITIALIZED_AUTOS = YES_AGGRESSIVE;
				GCC_WARN_UNUSED_FUNCTION = YES;
				GCC_WARN_UNUSED_VARIABLE = YES;
				IPHONEOS_DEPLOYMENT_TARGET = 10.3;
				MTL_ENABLE_DEBUG_INFO = NO;
				SDKROOT = iphoneos;
				SWIFT_OPTIMIZATION_LEVEL = "-Owholemodule";
				TARGETED_DEVICE_FAMILY = "1,2";
				VALIDATE_PRODUCT = YES;
			};
			name = Release;
		};
		DE21E0621E9ADAA00096FB56 /* Debug */ = {
			isa = XCBuildConfiguration;
			baseConfigurationReference = A9F848D0B8CA475B367E9518 /* Pods-SnapChat-clone.debug.xcconfig */;
			buildSettings = {
				ASSETCATALOG_COMPILER_APPICON_NAME = AppIcon;
				CODE_SIGN_ENTITLEMENTS = "SnapChat-clone/SnapChat-clone.entitlements";
				DEVELOPMENT_TEAM = BB9NBC38G8;
				INFOPLIST_FILE = "SnapChat-clone/Info.plist";
				LD_RUNPATH_SEARCH_PATHS = "$(inherited) @executable_path/Frameworks";
				PRODUCT_BUNDLE_IDENTIFIER = "B0nty.SnapChat-clone";
				PRODUCT_NAME = "$(TARGET_NAME)";
				SWIFT_VERSION = 3.0;
			};
			name = Debug;
		};
		DE21E0631E9ADAA00096FB56 /* Release */ = {
			isa = XCBuildConfiguration;
			baseConfigurationReference = C89760E8D5141C2757647786 /* Pods-SnapChat-clone.release.xcconfig */;
			buildSettings = {
				ASSETCATALOG_COMPILER_APPICON_NAME = AppIcon;
				CODE_SIGN_ENTITLEMENTS = "SnapChat-clone/SnapChat-clone.entitlements";
				DEVELOPMENT_TEAM = BB9NBC38G8;
				INFOPLIST_FILE = "SnapChat-clone/Info.plist";
				LD_RUNPATH_SEARCH_PATHS = "$(inherited) @executable_path/Frameworks";
				PRODUCT_BUNDLE_IDENTIFIER = "B0nty.SnapChat-clone";
				PRODUCT_NAME = "$(TARGET_NAME)";
				SWIFT_VERSION = 3.0;
			};
			name = Release;
		};
/* End XCBuildConfiguration section */

/* Begin XCConfigurationList section */
		DE21E04A1E9ADAA00096FB56 /* Build configuration list for PBXProject "SnapChat-clone" */ = {
			isa = XCConfigurationList;
			buildConfigurations = (
				DE21E05F1E9ADAA00096FB56 /* Debug */,
				DE21E0601E9ADAA00096FB56 /* Release */,
			);
			defaultConfigurationIsVisible = 0;
			defaultConfigurationName = Release;
		};
		DE21E0611E9ADAA00096FB56 /* Build configuration list for PBXNativeTarget "SnapChat-clone" */ = {
			isa = XCConfigurationList;
			buildConfigurations = (
				DE21E0621E9ADAA00096FB56 /* Debug */,
				DE21E0631E9ADAA00096FB56 /* Release */,
			);
			defaultConfigurationIsVisible = 0;
			defaultConfigurationName = Release;
		};
/* End XCConfigurationList section */
	};
	rootObject = DE21E0471E9ADAA00096FB56 /* Project object */;
}
